
Microsoft Visual Studio Solution File, Format Version 12.00
# Visual Studio 15
VisualStudioVersion = 15.0.28010.2003
MinimumVisualStudioVersion = 10.0.40219.1
Project("{9A19103F-16F7-4668-BE54-9A1E7A4F7556}") = "newspublishweb", "newspublishweb\newspublishweb.csproj", "{EED23930-5B72-4686-ABD5-1A5636AC17CB}"
EndProject
Project("{FAE04EC0-301F-11D3-BF4B-00C04F79EFBC}") = "newspublish.mode", "newspublish.mode\newspublish.mode.csproj", "{1706C272-2ACF-4346-BB11-57FF6F57ED60}"
EndProject
Project("{FAE04EC0-301F-11D3-BF4B-00C04F79EFBC}") = "newspublish.service", "newspublish.service\newspublish.service.csproj", "{DF04F82F-C2DF-4291-92E8-2081EF873581}"
EndProject
Global
	GlobalSection(SolutionConfigurationPlatforms) = preSolution
		Debug|Any CPU = Debug|Any CPU
		Release|Any CPU = Release|Any CPU
	EndGlobalSection
	GlobalSection(ProjectConfigurationPlatforms) = postSolution
		{EED23930-5B72-4686-ABD5-1A5636AC17CB}.Debug|Any CPU.ActiveCfg = Debug|Any CPU
		{EED23930-5B72-4686-ABD5-1A5636AC17CB}.Debug|Any CPU.Build.0 = Debug|Any CPU
		{EED23930-5B72-4686-ABD5-1A5636AC17CB}.Release|Any CPU.ActiveCfg = Release|Any CPU
		{EED23930-5B72-4686-ABD5-1A5636AC17CB}.Release|Any CPU.Build.0 = Release|Any CPU
		{1706C272-2ACF-4346-BB11-57FF6F57ED60}.Debug|Any CPU.ActiveCfg = Debug|Any CPU
		{1706C272-2ACF-4346-BB11-57FF6F57ED60}.Debug|Any CPU.Build.0 = Debug|Any CPU
		{1706C272-2ACF-4346-BB11-57FF6F57ED60}.Release|Any CPU.ActiveCfg = Release|Any CPU
		{1706C272-2ACF-4346-BB11-57FF6F57ED60}.Release|Any CPU.Build.0 = Release|Any CPU
		{DF04F82F-C2DF-4291-92E8-2081EF873581}.Debug|Any CPU.ActiveCfg = Debug|Any CPU
		{DF04F82F-C2DF-4291-92E8-2081EF873581}.Debug|Any CPU.Build.0 = Debug|Any CPU
		{DF04F82F-C2DF-4291-92E8-2081EF873581}.Release|Any CPU.ActiveCfg = Release|Any CPU
		{DF04F82F-C2DF-4291-92E8-2081EF873581}.Release|Any CPU.Build.0 = Release|Any CPU
	EndGlobalSection
	GlobalSection(SolutionProperties) = preSolution
		HideSolutionNode = FALSE
	EndGlobalSection
	GlobalSection(ExtensibilityGlobals) = postSolution
		SolutionGuid = {E3D122E6-055B-410E-9199-40973DD65C0D}
	EndGlobalSection
EndGlobal
